
Microsoft Visual Studio Solution File, Format Version 12.00
# Visual Studio Version 16
VisualStudioVersion = 16.0.33130.400
MinimumVisualStudioVersion = 10.0.40219.1
Project("{8BC9CEB8-8B4A-11D0-8D11-00A0C91BC942}") = "2979-트럭주차", "2979-트럭주차\2979-트럭주차.vcxproj", "{246570C2-F80A-487D-A610-0E4B7CE0802A}"
EndProject
Project("{8BC9CEB8-8B4A-11D0-8D11-00A0C91BC942}") = "2309-일곱난쟁이", "2309-일곱난쟁이\2309-일곱난쟁이.vcxproj", "{9FC3F54A-C22F-4884-BE46-6B51BBC5C871}"
EndProject
Project("{8BC9CEB8-8B4A-11D0-8D11-00A0C91BC942}") = "10808-알파벳 개수", "10808-알파벳 개수\10808-알파벳 개수.vcxproj", "{CDCDCB7F-1785-440E-A3A3-55ED9C28619A}"
EndProject
Project("{8BC9CEB8-8B4A-11D0-8D11-00A0C91BC942}") = "10988-팰린드롬인지확인하기", "10988-팰린드롬인지확인하기\10988-팰린드롬인지확인하기.vcxproj", "{9112D065-1130-460E-BDFE-0AADB4376F81}"
EndProject
Project("{8BC9CEB8-8B4A-11D0-8D11-00A0C91BC942}") = "1159-농구경기", "1159-농구경기\1159-농구경기.vcxproj", "{43880F77-B70B-4BCA-BED8-2A5A4C08293B}"
EndProject
Project("{8BC9CEB8-8B4A-11D0-8D11-00A0C91BC942}") = "11655-ROT13", "11655-ROT13\11655-ROT13.vcxproj", "{FA1C7EB2-3106-4E53-842A-74B6128F817C}"
EndProject
Project("{8BC9CEB8-8B4A-11D0-8D11-00A0C91BC942}") = "9996-한국이 그리울 땐 서버에 접속하지", "9996-한국이 그리울 땐 서버에 접속하지\9996-한국이 그리울 땐 서버에 접속하지.vcxproj", "{29D0D817-74F8-448A-BC35-705CFA6FC040}"
EndProject
Project("{8BC9CEB8-8B4A-11D0-8D11-00A0C91BC942}") = "2559-수열", "2559-수열\2559-수열.vcxproj", "{4B9C3793-FB47-4B21-B305-32EF2B561E33}"
EndProject
Global
	GlobalSection(SolutionConfigurationPlatforms) = preSolution
		Debug|x64 = Debug|x64
		Debug|x86 = Debug|x86
		Release|x64 = Release|x64
		Release|x86 = Release|x86
	EndGlobalSection
	GlobalSection(ProjectConfigurationPlatforms) = postSolution
		{246570C2-F80A-487D-A610-0E4B7CE0802A}.Debug|x64.ActiveCfg = Debug|x64
		{246570C2-F80A-487D-A610-0E4B7CE0802A}.Debug|x64.Build.0 = Debug|x64
		{246570C2-F80A-487D-A610-0E4B7CE0802A}.Debug|x86.ActiveCfg = Debug|Win32
		{246570C2-F80A-487D-A610-0E4B7CE0802A}.Debug|x86.Build.0 = Debug|Win32
		{246570C2-F80A-487D-A610-0E4B7CE0802A}.Release|x64.ActiveCfg = Release|x64
		{246570C2-F80A-487D-A610-0E4B7CE0802A}.Release|x64.Build.0 = Release|x64
		{246570C2-F80A-487D-A610-0E4B7CE0802A}.Release|x86.ActiveCfg = Release|Win32
		{246570C2-F80A-487D-A610-0E4B7CE0802A}.Release|x86.Build.0 = Release|Win32
		{9FC3F54A-C22F-4884-BE46-6B51BBC5C871}.Debug|x64.ActiveCfg = Debug|x64
		{9FC3F54A-C22F-4884-BE46-6B51BBC5C871}.Debug|x64.Build.0 = Debug|x64
		{9FC3F54A-C22F-4884-BE46-6B51BBC5C871}.Debug|x86.ActiveCfg = Debug|Win32
		{9FC3F54A-C22F-4884-BE46-6B51BBC5C871}.Debug|x86.Build.0 = Debug|Win32
		{9FC3F54A-C22F-4884-BE46-6B51BBC5C871}.Release|x64.ActiveCfg = Release|x64
		{9FC3F54A-C22F-4884-BE46-6B51BBC5C871}.Release|x64.Build.0 = Release|x64
		{9FC3F54A-C22F-4884-BE46-6B51BBC5C871}.Release|x86.ActiveCfg = Release|Win32
		{9FC3F54A-C22F-4884-BE46-6B51BBC5C871}.Release|x86.Build.0 = Release|Win32
		{CDCDCB7F-1785-440E-A3A3-55ED9C28619A}.Debug|x64.ActiveCfg = Debug|x64
		{CDCDCB7F-1785-440E-A3A3-55ED9C28619A}.Debug|x64.Build.0 = Debug|x64
		{CDCDCB7F-1785-440E-A3A3-55ED9C28619A}.Debug|x86.ActiveCfg = Debug|Win32
		{CDCDCB7F-1785-440E-A3A3-55ED9C28619A}.Debug|x86.Build.0 = Debug|Win32
		{CDCDCB7F-1785-440E-A3A3-55ED9C28619A}.Release|x64.ActiveCfg = Release|x64
		{CDCDCB7F-1785-440E-A3A3-55ED9C28619A}.Release|x64.Build.0 = Release|x64
		{CDCDCB7F-1785-440E-A3A3-55ED9C28619A}.Release|x86.ActiveCfg = Release|Win32
		{CDCDCB7F-1785-440E-A3A3-55ED9C28619A}.Release|x86.Build.0 = Release|Win32
		{9112D065-1130-460E-BDFE-0AADB4376F81}.Debug|x64.ActiveCfg = Debug|x64
		{9112D065-1130-460E-BDFE-0AADB4376F81}.Debug|x64.Build.0 = Debug|x64
		{9112D065-1130-460E-BDFE-0AADB4376F81}.Debug|x86.ActiveCfg = Debug|Win32
		{9112D065-1130-460E-BDFE-0AADB4376F81}.Debug|x86.Build.0 = Debug|Win32
		{9112D065-1130-460E-BDFE-0AADB4376F81}.Release|x64.ActiveCfg = Release|x64
		{9112D065-1130-460E-BDFE-0AADB4376F81}.Release|x64.Build.0 = Release|x64
		{9112D065-1130-460E-BDFE-0AADB4376F81}.Release|x86.ActiveCfg = Release|Win32
		{9112D065-1130-460E-BDFE-0AADB4376F81}.Release|x86.Build.0 = Release|Win32
		{43880F77-B70B-4BCA-BED8-2A5A4C08293B}.Debug|x64.ActiveCfg = Debug|x64
		{43880F77-B70B-4BCA-BED8-2A5A4C08293B}.Debug|x64.Build.0 = Debug|x64
		{43880F77-B70B-4BCA-BED8-2A5A4C08293B}.Debug|x86.ActiveCfg = Debug|Win32
		{43880F77-B70B-4BCA-BED8-2A5A4C08293B}.Debug|x86.Build.0 = Debug|Win32
		{43880F77-B70B-4BCA-BED8-2A5A4C08293B}.Release|x64.ActiveCfg = Release|x64
		{43880F77-B70B-4BCA-BED8-2A5A4C08293B}.Release|x64.Build.0 = Release|x64
		{43880F77-B70B-4BCA-BED8-2A5A4C08293B}.Release|x86.ActiveCfg = Release|Win32
		{43880F77-B70B-4BCA-BED8-2A5A4C08293B}.Release|x86.Build.0 = Release|Win32
		{FA1C7EB2-3106-4E53-842A-74B6128F817C}.Debug|x64.ActiveCfg = Debug|x64
		{FA1C7EB2-3106-4E53-842A-74B6128F817C}.Debug|x64.Build.0 = Debug|x64
		{FA1C7EB2-3106-4E53-842A-74B6128F817C}.Debug|x86.ActiveCfg = Debug|Win32
		{FA1C7EB2-3106-4E53-842A-74B6128F817C}.Debug|x86.Build.0 = Debug|Win32
		{FA1C7EB2-3106-4E53-842A-74B6128F817C}.Release|x64.ActiveCfg = Release|x64
		{FA1C7EB2-3106-4E53-842A-74B6128F817C}.Release|x64.Build.0 = Release|x64
		{FA1C7EB2-3106-4E53-842A-74B6128F817C}.Release|x86.ActiveCfg = Release|Win32
		{FA1C7EB2-3106-4E53-842A-74B6128F817C}.Release|x86.Build.0 = Release|Win32
		{29D0D817-74F8-448A-BC35-705CFA6FC040}.Debug|x64.ActiveCfg = Debug|x64
		{29D0D817-74F8-448A-BC35-705CFA6FC040}.Debug|x64.Build.0 = Debug|x64
		{29D0D817-74F8-448A-BC35-705CFA6FC040}.Debug|x86.ActiveCfg = Debug|Win32
		{29D0D817-74F8-448A-BC35-705CFA6FC040}.Debug|x86.Build.0 = Debug|Win32
		{29D0D817-74F8-448A-BC35-705CFA6FC040}.Release|x64.ActiveCfg = Release|x64
		{29D0D817-74F8-448A-BC35-705CFA6FC040}.Release|x64.Build.0 = Release|x64
		{29D0D817-74F8-448A-BC35-705CFA6FC040}.Release|x86.ActiveCfg = Release|Win32
		{29D0D817-74F8-448A-BC35-705CFA6FC040}.Release|x86.Build.0 = Release|Win32
		{4B9C3793-FB47-4B21-B305-32EF2B561E33}.Debug|x64.ActiveCfg = Debug|x64
		{4B9C3793-FB47-4B21-B305-32EF2B561E33}.Debug|x64.Build.0 = Debug|x64
		{4B9C3793-FB47-4B21-B305-32EF2B561E33}.Debug|x86.ActiveCfg = Debug|Win32
		{4B9C3793-FB47-4B21-B305-32EF2B561E33}.Debug|x86.Build.0 = Debug|Win32
		{4B9C3793-FB47-4B21-B305-32EF2B561E33}.Release|x64.ActiveCfg = Release|x64
		{4B9C3793-FB47-4B21-B305-32EF2B561E33}.Release|x64.Build.0 = Release|x64
		{4B9C3793-FB47-4B21-B305-32EF2B561E33}.Release|x86.ActiveCfg = Release|Win32
		{4B9C3793-FB47-4B21-B305-32EF2B561E33}.Release|x86.Build.0 = Release|Win32
	EndGlobalSection
	GlobalSection(SolutionProperties) = preSolution
		HideSolutionNode = FALSE
	EndGlobalSection
	GlobalSection(ExtensibilityGlobals) = postSolution
		SolutionGuid = {B30B57A2-733B-427F-8A75-B38D3F44E66E}
	EndGlobalSection
EndGlobal
